{
  "name": "helmet detect project",
  "lockfileVersion": 3,
  "requires": true,
  "packages": {
    "": {
      "dependencies": {
        "yolov8": "^0.0.1-security"
      }
    },
    "node_modules/yolov8": {
      "version": "0.0.1-security",
      "resolved": "https://registry.npmjs.org/yolov8/-/yolov8-0.0.1-security.tgz",
      "integrity": "sha512-1g4k666iS7xemxBVQPSXHKlP5f1URKYD7Rw79LnR3AgQVw8xL1dUrvkGhuOimneQUO+jXqCoj/bL+7MtpAh15Q=="
    }
  }
}
